// !$*UTF8*$!
{
	archiveVersion = 1;
	classes = {
	};
	objectVersion = 46;
	objects = {

/* Begin PBXBuildFile section */
		3BC3A8E0186281A10035C48B /* Foundation.framework in Frameworks */ = {isa = PBXBuildFile; fileRef = 3BC3A8DF186281A10035C48B /* Foundation.framework */; };
		3BC3A8E2186281A10035C48B /* CoreGraphics.framework in Frameworks */ = {isa = PBXBuildFile; fileRef = 3BC3A8E1186281A10035C48B /* CoreGraphics.framework */; };
		3BC3A8E4186281A10035C48B /* UIKit.framework in Frameworks */ = {isa = PBXBuildFile; fileRef = 3BC3A8E3186281A10035C48B /* UIKit.framework */; };
		3BC3A8EA186281A10035C48B /* InfoPlist.strings in Resources */ = {isa = PBXBuildFile; fileRef = 3BC3A8E8186281A10035C48B /* InfoPlist.strings */; };
		3BC3A8EC186281A10035C48B /* main.m in Sources */ = {isa = PBXBuildFile; fileRef = 3BC3A8EB186281A10035C48B /* main.m */; };
		3BC3A8F0186281A10035C48B /* AppDelegate.m in Sources */ = {isa = PBXBuildFile; fileRef = 3BC3A8EF186281A10035C48B /* AppDelegate.m */; };
		3BC3A8F3186281A10035C48B /* Main.storyboard in Resources */ = {isa = PBXBuildFile; fileRef = 3BC3A8F1186281A10035C48B /* Main.storyboard */; };
		3BC3A8F6186281A10035C48B /* ViewController.m in Sources */ = {isa = PBXBuildFile; fileRef = 3BC3A8F5186281A10035C48B /* ViewController.m */; };
		3BC3A8F8186281A10035C48B /* Images.xcassets in Resources */ = {isa = PBXBuildFile; fileRef = 3BC3A8F7186281A10035C48B /* Images.xcassets */; };
		3BC3A8FF186281A20035C48B /* XCTest.framework in Frameworks */ = {isa = PBXBuildFile; fileRef = 3BC3A8FE186281A20035C48B /* XCTest.framework */; };
		3BC3A900186281A20035C48B /* Foundation.framework in Frameworks */ = {isa = PBXBuildFile; fileRef = 3BC3A8DF186281A10035C48B /* Foundation.framework */; };
		3BC3A901186281A20035C48B /* UIKit.framework in Frameworks */ = {isa = PBXBuildFile; fileRef = 3BC3A8E3186281A10035C48B /* UIKit.framework */; };
		3BC3A909186281A20035C48B /* InfoPlist.strings in Resources */ = {isa = PBXBuildFile; fileRef = 3BC3A907186281A20035C48B /* InfoPlist.strings */; };
		3BC3A90B186281A20035C48B /* FaceDetectorDemoTests.m in Sources */ = {isa = PBXBuildFile; fileRef = 3BC3A90A186281A20035C48B /* FaceDetectorDemoTests.m */; };
		3BC3A91518628AA80035C48B /* CoreImage.framework in Frameworks */ = {isa = PBXBuildFile; fileRef = 3BC3A91418628AA80035C48B /* CoreImage.framework */; };
		3BC3A91E186299E20035C48B /* 1.jpg in Resources */ = {isa = PBXBuildFile; fileRef = 3BC3A91A186299E20035C48B /* 1.jpg */; };
		3BC3A920186299E20035C48B /* 3.jpg in Resources */ = {isa = PBXBuildFile; fileRef = 3BC3A91C186299E20035C48B /* 3.jpg */; };
		3BC3A9241862B9DB0035C48B /* QuartzCore.framework in Frameworks */ = {isa = PBXBuildFile; fileRef = 3BC3A9231862B9DB0035C48B /* QuartzCore.framework */; };
		3BC3A9291862BBDE0035C48B /* 2.jpg in Resources */ = {isa = PBXBuildFile; fileRef = 3BC3A9261862BBDE0035C48B /* 2.jpg */; };
		3BC3A92A1862BBDE0035C48B /* 4.jpg in Resources */ = {isa = PBXBuildFile; fileRef = 3BC3A9271862BBDE0035C48B /* 4.jpg */; };
		3BC3A92D1862BC610035C48B /* 5.jpg in Resources */ = {isa = PBXBuildFile; fileRef = 3BC3A92B1862BC610035C48B /* 5.jpg */; };
		3BC3A9311862BCFE0035C48B /* 6.jpg in Resources */ = {isa = PBXBuildFile; fileRef = 3BC3A92F1862BCFE0035C48B /* 6.jpg */; };
		3BC3A9321862BCFE0035C48B /* 0.jpg in Resources */ = {isa = PBXBuildFile; fileRef = 3BC3A9301862BCFE0035C48B /* 0.jpg */; };
/* End PBXBuildFile section */

/* Begin PBXContainerItemProxy section */
		3BC3A902186281A20035C48B /* PBXContainerItemProxy */ = {
			isa = PBXContainerItemProxy;
			containerPortal = 3BC3A8D4186281A10035C48B /* Project object */;
			proxyType = 1;
			remoteGlobalIDString = 3BC3A8DB186281A10035C48B;
			remoteInfo = FaceDetectorDemo;
		};
/* End PBXContainerItemProxy section */

/* Begin PBXFileReference section */
		3BC3A8DC186281A10035C48B /* FaceDetectorDemo.app */ = {isa = PBXFileReference; explicitFileType = wrapper.application; includeInIndex = 0; path = FaceDetectorDemo.app; sourceTree = BUILT_PRODUCTS_DIR; };
		3BC3A8DF186281A10035C48B /* Foundation.framework */ = {isa = PBXFileReference; lastKnownFileType = wrapper.framework; name = Foundation.framework; path = System/Library/Frameworks/Foundation.framework; sourceTree = SDKROOT; };
		3BC3A8E1186281A10035C48B /* CoreGraphics.framework */ = {isa = PBXFileReference; lastKnownFileType = wrapper.framework; name = CoreGraphics.framework; path = System/Library/Frameworks/CoreGraphics.framework; sourceTree = SDKROOT; };
		3BC3A8E3186281A10035C48B /* UIKit.framework */ = {isa = PBXFileReference; lastKnownFileType = wrapper.framework; name = UIKit.framework; path = System/Library/Frameworks/UIKit.framework; sourceTree = SDKROOT; };
		3BC3A8E7186281A10035C48B /* FaceDetectorDemo-Info.plist */ = {isa = PBXFileReference; lastKnownFileType = text.plist.xml; path = "FaceDetectorDemo-Info.plist"; sourceTree = "<group>"; };
		3BC3A8E9186281A10035C48B /* en */ = {isa = PBXFileReference; lastKnownFileType = text.plist.strings; name = en; path = en.lproj/InfoPlist.strings; sourceTree = "<group>"; };
		3BC3A8EB186281A10035C48B /* main.m */ = {isa = PBXFileReference; lastKnownFileType = sourcecode.c.objc; path = main.m; sourceTree = "<group>"; };
		3BC3A8ED186281A10035C48B /* FaceDetectorDemo-Prefix.pch */ = {isa = PBXFileReference; lastKnownFileType = sourcecode.c.h; path = "FaceDetectorDemo-Prefix.pch"; sourceTree = "<group>"; };
		3BC3A8EE186281A10035C48B /* AppDelegate.h */ = {isa = PBXFileReference; lastKnownFileType = sourcecode.c.h; path = AppDelegate.h; sourceTree = "<group>"; };
		3BC3A8EF186281A10035C48B /* AppDelegate.m */ = {isa = PBXFileReference; lastKnownFileType = sourcecode.c.objc; path = AppDelegate.m; sourceTree = "<group>"; };
		3BC3A8F2186281A10035C48B /* Base */ = {isa = PBXFileReference; lastKnownFileType = file.storyboard; name = Base; path = Base.lproj/Main.storyboard; sourceTree = "<group>"; };
		3BC3A8F4186281A10035C48B /* ViewController.h */ = {isa = PBXFileReference; lastKnownFileType = sourcecode.c.h; path = ViewController.h; sourceTree = "<group>"; };
		3BC3A8F5186281A10035C48B /* ViewController.m */ = {isa = PBXFileReference; lastKnownFileType = sourcecode.c.objc; path = ViewController.m; sourceTree = "<group>"; };
		3BC3A8F7186281A10035C48B /* Images.xcassets */ = {isa = PBXFileReference; lastKnownFileType = folder.assetcatalog; path = Images.xcassets; sourceTree = "<group>"; };
		3BC3A8FD186281A20035C48B /* FaceDetectorDemoTests.xctest */ = {isa = PBXFileReference; explicitFileType = wrapper.cfbundle; includeInIndex = 0; path = FaceDetectorDemoTests.xctest; sourceTree = BUILT_PRODUCTS_DIR; };
		3BC3A8FE186281A20035C48B /* XCTest.framework */ = {isa = PBXFileReference; lastKnownFileType = wrapper.framework; name = XCTest.framework; path = Library/Frameworks/XCTest.framework; sourceTree = DEVELOPER_DIR; };
		3BC3A906186281A20035C48B /* FaceDetectorDemoTests-Info.plist */ = {isa = PBXFileReference; lastKnownFileType = text.plist.xml; path = "FaceDetectorDemoTests-Info.plist"; sourceTree = "<group>"; };
		3BC3A908186281A20035C48B /* en */ = {isa = PBXFileReference; lastKnownFileType = text.plist.strings; name = en; path = en.lproj/InfoPlist.strings; sourceTree = "<group>"; };
		3BC3A90A186281A20035C48B /* FaceDetectorDemoTests.m */ = {isa = PBXFileReference; lastKnownFileType = sourcecode.c.objc; path = FaceDetectorDemoTests.m; sourceTree = "<group>"; };
		3BC3A91418628AA80035C48B /* CoreImage.framework */ = {isa = PBXFileReference; lastKnownFileType = wrapper.framework; name = CoreImage.framework; path = System/Library/Frameworks/CoreImage.framework; sourceTree = SDKROOT; };
		3BC3A91A186299E20035C48B /* 1.jpg */ = {isa = PBXFileReference; lastKnownFileType = image.jpeg; path = 1.jpg; sourceTree = "<group>"; };
		3BC3A91C186299E20035C48B /* 3.jpg */ = {isa = PBXFileReference; lastKnownFileType = image.jpeg; path = 3.jpg; sourceTree = "<group>"; };
		3BC3A9231862B9DB0035C48B /* QuartzCore.framework */ = {isa = PBXFileReference; lastKnownFileType = wrapper.framework; name = QuartzCore.framework; path = System/Library/Frameworks/QuartzCore.framework; sourceTree = SDKROOT; };
		3BC3A9261862BBDE0035C48B /* 2.jpg */ = {isa = PBXFileReference; lastKnownFileType = image.jpeg; path = 2.jpg; sourceTree = "<group>"; };
		3BC3A9271862BBDE0035C48B /* 4.jpg */ = {isa = PBXFileReference; lastKnownFileType = image.jpeg; path = 4.jpg; sourceTree = "<group>"; };
		3BC3A92B1862BC610035C48B /* 5.jpg */ = {isa = PBXFileReference; lastKnownFileType = image.jpeg; path = 5.jpg; sourceTree = "<group>"; };
		3BC3A92F1862BCFE0035C48B /* 6.jpg */ = {isa = PBXFileReference; lastKnownFileType = image.jpeg; path = 6.jpg; sourceTree = "<group>"; };
		3BC3A9301862BCFE0035C48B /* 0.jpg */ = {isa = PBXFileReference; lastKnownFileType = image.jpeg; path = 0.jpg; sourceTree = "<group>"; };
/* End PBXFileReference section */

/* Begin PBXFrameworksBuildPhase section */
		3BC3A8D9186281A10035C48B /* Frameworks */ = {
			isa = PBXFrameworksBuildPhase;
			buildActionMask = 2147483647;
			files = (
				3BC3A9241862B9DB0035C48B /* QuartzCore.framework in Frameworks */,
				3BC3A91518628AA80035C48B /* CoreImage.framework in Frameworks */,
				3BC3A8E2186281A10035C48B /* CoreGraphics.framework in Frameworks */,
				3BC3A8E4186281A10035C48B /* UIKit.framework in Frameworks */,
				3BC3A8E0186281A10035C48B /* Foundation.framework in Frameworks */,
			);
			runOnlyForDeploymentPostprocessing = 0;
		};
		3BC3A8FA186281A20035C48B /* Frameworks */ = {
			isa = PBXFrameworksBuildPhase;
			buildActionMask = 2147483647;
			files = (
				3BC3A8FF186281A20035C48B /* XCTest.framework in Frameworks */,
				3BC3A901186281A20035C48B /* UIKit.framework in Frameworks */,
				3BC3A900186281A20035C48B /* Foundation.framework in Frameworks */,
			);
			runOnlyForDeploymentPostprocessing = 0;
		};
/* End PBXFrameworksBuildPhase section */

/* Begin PBXGroup section */
		3BC3A8D3186281A10035C48B = {
			isa = PBXGroup;
			children = (
				3BC3A8E5186281A10035C48B /* FaceDetectorDemo */,
				3BC3A904186281A20035C48B /* FaceDetectorDemoTests */,
				3BC3A8DE186281A10035C48B /* Frameworks */,
				3BC3A8DD186281A10035C48B /* Products */,
			);
			sourceTree = "<group>";
		};
		3BC3A8DD186281A10035C48B /* Products */ = {
			isa = PBXGroup;
			children = (
				3BC3A8DC186281A10035C48B /* FaceDetectorDemo.app */,
				3BC3A8FD186281A20035C48B /* FaceDetectorDemoTests.xctest */,
			);
			name = Products;
			sourceTree = "<group>";
		};
		3BC3A8DE186281A10035C48B /* Frameworks */ = {
			isa = PBXGroup;
			children = (
				3BC3A9231862B9DB0035C48B /* QuartzCore.framework */,
				3BC3A91418628AA80035C48B /* CoreImage.framework */,
				3BC3A8DF186281A10035C48B /* Foundation.framework */,
				3BC3A8E1186281A10035C48B /* CoreGraphics.framework */,
				3BC3A8E3186281A10035C48B /* UIKit.framework */,
				3BC3A8FE186281A20035C48B /* XCTest.framework */,
			);
			name = Frameworks;
			sourceTree = "<group>";
		};
		3BC3A8E5186281A10035C48B /* FaceDetectorDemo */ = {
			isa = PBXGroup;
			children = (
				3BC3A916186296D20035C48B /* Resource */,
				3BC3A8EE186281A10035C48B /* AppDelegate.h */,
				3BC3A8EF186281A10035C48B /* AppDelegate.m */,
				3BC3A8F1186281A10035C48B /* Main.storyboard */,
				3BC3A8F4186281A10035C48B /* ViewController.h */,
				3BC3A8F5186281A10035C48B /* ViewController.m */,
				3BC3A8F7186281A10035C48B /* Images.xcassets */,
				3BC3A8E6186281A10035C48B /* Supporting Files */,
			);
			path = FaceDetectorDemo;
			sourceTree = "<group>";
		};
		3BC3A8E6186281A10035C48B /* Supporting Files */ = {
			isa = PBXGroup;
			children = (
				3BC3A8E7186281A10035C48B /* FaceDetectorDemo-Info.plist */,
				3BC3A8E8186281A10035C48B /* InfoPlist.strings */,
				3BC3A8EB186281A10035C48B /* main.m */,
				3BC3A8ED186281A10035C48B /* FaceDetectorDemo-Prefix.pch */,
			);
			name = "Supporting Files";
			sourceTree = "<group>";
		};
		3BC3A904186281A20035C48B /* FaceDetectorDemoTests */ = {
			isa = PBXGroup;
			children = (
				3BC3A90A186281A20035C48B /* FaceDetectorDemoTests.m */,
				3BC3A905186281A20035C48B /* Supporting Files */,
			);
			path = FaceDetectorDemoTests;
			sourceTree = "<group>";
		};
		3BC3A905186281A20035C48B /* Supporting Files */ = {
			isa = PBXGroup;
			children = (
				3BC3A906186281A20035C48B /* FaceDetectorDemoTests-Info.plist */,
				3BC3A907186281A20035C48B /* InfoPlist.strings */,
			);
			name = "Supporting Files";
			sourceTree = "<group>";
		};
		3BC3A916186296D20035C48B /* Resource */ = {
			isa = PBXGroup;
			children = (
				3BC3A9301862BCFE0035C48B /* 0.jpg */,
				3BC3A91A186299E20035C48B /* 1.jpg */,
				3BC3A9261862BBDE0035C48B /* 2.jpg */,
				3BC3A91C186299E20035C48B /* 3.jpg */,
				3BC3A9271862BBDE0035C48B /* 4.jpg */,
				3BC3A92B1862BC610035C48B /* 5.jpg */,
				3BC3A92F1862BCFE0035C48B /* 6.jpg */,
			);
			name = Resource;
			sourceTree = "<group>";
		};
/* End PBXGroup section */

/* Begin PBXNativeTarget section */
		3BC3A8DB186281A10035C48B /* FaceDetectorDemo */ = {
			isa = PBXNativeTarget;
			buildConfigurationList = 3BC3A90E186281A20035C48B /* Build configuration list for PBXNativeTarget "FaceDetectorDemo" */;
			buildPhases = (
				3BC3A8D8186281A10035C48B /* Sources */,
				3BC3A8D9186281A10035C48B /* Frameworks */,
				3BC3A8DA186281A10035C48B /* Resources */,
			);
			buildRules = (
			);
			dependencies = (
			);
			name = FaceDetectorDemo;
			productName = FaceDetectorDemo;
			productReference = 3BC3A8DC186281A10035C48B /* FaceDetectorDemo.app */;
			productType = "com.apple.product-type.application";
		};
		3BC3A8FC186281A20035C48B /* FaceDetectorDemoTests */ = {
			isa = PBXNativeTarget;
			buildConfigurationList = 3BC3A911186281A20035C48B /* Build configuration list for PBXNativeTarget "FaceDetectorDemoTests" */;
			buildPhases = (
				3BC3A8F9186281A20035C48B /* Sources */,
				3BC3A8FA186281A20035C48B /* Frameworks */,
				3BC3A8FB186281A20035C48B /* Resources */,
			);
			buildRules = (
			);
			dependencies = (
				3BC3A903186281A20035C48B /* PBXTargetDependency */,
			);
			name = FaceDetectorDemoTests;
			productName = FaceDetectorDemoTests;
			productReference = 3BC3A8FD186281A20035C48B /* FaceDetectorDemoTests.xctest */;
			productType = "com.apple.product-type.bundle.unit-test";
		};
/* End PBXNativeTarget section */

/* Begin PBXProject section */
		3BC3A8D4186281A10035C48B /* Project object */ = {
			isa = PBXProject;
			attributes = {
				LastUpgradeCheck = 0500;
				ORGANIZATIONNAME = com.cendy;
				TargetAttributes = {
					3BC3A8FC186281A20035C48B = {
						TestTargetID = 3BC3A8DB186281A10035C48B;
					};
				};
			};
			buildConfigurationList = 3BC3A8D7186281A10035C48B /* Build configuration list for PBXProject "FaceDetectorDemo" */;
			compatibilityVersion = "Xcode 3.2";
			developmentRegion = English;
			hasScannedForEncodings = 0;
			knownRegions = (
				en,
				Base,
			);
			mainGroup = 3BC3A8D3186281A10035C48B;
			productRefGroup = 3BC3A8DD186281A10035C48B /* Products */;
			projectDirPath = "";
			projectRoot = "";
			targets = (
				3BC3A8DB186281A10035C48B /* FaceDetectorDemo */,
				3BC3A8FC186281A20035C48B /* FaceDetectorDemoTests */,
			);
		};
/* End PBXProject section */

/* Begin PBXResourcesBuildPhase section */
		3BC3A8DA186281A10035C48B /* Resources */ = {
			isa = PBXResourcesBuildPhase;
			buildActionMask = 2147483647;
			files = (
				3BC3A9321862BCFE0035C48B /* 0.jpg in Resources */,
				3BC3A9311862BCFE0035C48B /* 6.jpg in Resources */,
				3BC3A92A1862BBDE0035C48B /* 4.jpg in Resources */,
				3BC3A8F8186281A10035C48B /* Images.xcassets in Resources */,
				3BC3A92D1862BC610035C48B /* 5.jpg in Resources */,
				3BC3A9291862BBDE0035C48B /* 2.jpg in Resources */,
				3BC3A8EA186281A10035C48B /* InfoPlist.strings in Resources */,
				3BC3A8F3186281A10035C48B /* Main.storyboard in Resources */,
				3BC3A920186299E20035C48B /* 3.jpg in Resources */,
				3BC3A91E186299E20035C48B /* 1.jpg in Resources */,
			);
			runOnlyForDeploymentPostprocessing = 0;
		};
		3BC3A8FB186281A20035C48B /* Resources */ = {
			isa = PBXResourcesBuildPhase;
			buildActionMask = 2147483647;
			files = (
				3BC3A909186281A20035C48B /* InfoPlist.strings in Resources */,
			);
			runOnlyForDeploymentPostprocessing = 0;
		};
/* End PBXResourcesBuildPhase section */

/* Begin PBXSourcesBuildPhase section */
		3BC3A8D8186281A10035C48B /* Sources */ = {
			isa = PBXSourcesBuildPhase;
			buildActionMask = 2147483647;
			files = (
				3BC3A8F6186281A10035C48B /* ViewController.m in Sources */,
				3BC3A8F0186281A10035C48B /* AppDelegate.m in Sources */,
				3BC3A8EC186281A10035C48B /* main.m in Sources */,
			);
			runOnlyForDeploymentPostprocessing = 0;
		};
		3BC3A8F9186281A20035C48B /* Sources */ = {
			isa = PBXSourcesBuildPhase;
			buildActionMask = 2147483647;
			files = (
				3BC3A90B186281A20035C48B /* FaceDetectorDemoTests.m in Sources */,
			);
			runOnlyForDeploymentPostprocessing = 0;
		};
/* End PBXSourcesBuildPhase section */

/* Begin PBXTargetDependency section */
		3BC3A903186281A20035C48B /* PBXTargetDependency */ = {
			isa = PBXTargetDependency;
			target = 3BC3A8DB186281A10035C48B /* FaceDetectorDemo */;
			targetProxy = 3BC3A902186281A20035C48B /* PBXContainerItemProxy */;
		};
/* End PBXTargetDependency section */

/* Begin PBXVariantGroup section */
		3BC3A8E8186281A10035C48B /* InfoPlist.strings */ = {
			isa = PBXVariantGroup;
			children = (
				3BC3A8E9186281A10035C48B /* en */,
			);
			name = InfoPlist.strings;
			sourceTree = "<group>";
		};
		3BC3A8F1186281A10035C48B /* Main.storyboard */ = {
			isa = PBXVariantGroup;
			children = (
				3BC3A8F2186281A10035C48B /* Base */,
			);
			name = Main.storyboard;
			sourceTree = "<group>";
		};
		3BC3A907186281A20035C48B /* InfoPlist.strings */ = {
			isa = PBXVariantGroup;
			children = (
				3BC3A908186281A20035C48B /* en */,
			);
			name = InfoPlist.strings;
			sourceTree = "<group>";
		};
/* End PBXVariantGroup section */

/* Begin XCBuildConfiguration section */
		3BC3A90C186281A20035C48B /* Debug */ = {
			isa = XCBuildConfiguration;
			buildSettings = {
				ALWAYS_SEARCH_USER_PATHS = NO;
				ARCHS = "$(ARCHS_STANDARD_INCLUDING_64_BIT)";
				CLANG_CXX_LANGUAGE_STANDARD = "gnu++0x";
				CLANG_CXX_LIBRARY = "libc++";
				CLANG_ENABLE_MODULES = YES;
				CLANG_ENABLE_OBJC_ARC = YES;
				CLANG_WARN_BOOL_CONVERSION = YES;
				CLANG_WARN_CONSTANT_CONVERSION = YES;
				CLANG_WARN_DIRECT_OBJC_ISA_USAGE = YES_ERROR;
				CLANG_WARN_EMPTY_BODY = YES;
				CLANG_WARN_ENUM_CONVERSION = YES;
				CLANG_WARN_INT_CONVERSION = YES;
				CLANG_WARN_OBJC_ROOT_CLASS = YES_ERROR;
				CLANG_WARN__DUPLICATE_METHOD_MATCH = YES;
				"CODE_SIGN_IDENTITY[sdk=iphoneos*]" = "iPhone Developer";
				COPY_PHASE_STRIP = NO;
				GCC_C_LANGUAGE_STANDARD = gnu99;
				GCC_DYNAMIC_NO_PIC = NO;
				GCC_OPTIMIZATION_LEVEL = 0;
				GCC_PREPROCESSOR_DEFINITIONS = (
					"DEBUG=1",
					"$(inherited)",
				);
				GCC_SYMBOLS_PRIVATE_EXTERN = NO;
				GCC_WARN_64_TO_32_BIT_CONVERSION = YES;
				GCC_WARN_ABOUT_RETURN_TYPE = YES_ERROR;
				GCC_WARN_UNDECLARED_SELECTOR = YES;
				GCC_WARN_UNINITIALIZED_AUTOS = YES;
				GCC_WARN_UNUSED_FUNCTION = YES;
				GCC_WARN_UNUSED_VARIABLE = YES;
				IPHONEOS_DEPLOYMENT_TARGET = 7.0;
				ONLY_ACTIVE_ARCH = YES;
				SDKROOT = iphoneos;
			};
			name = Debug;
		};
		3BC3A90D186281A20035C48B /* Release */ = {
			isa = XCBuildConfiguration;
			buildSettings = {
				ALWAYS_SEARCH_USER_PATHS = NO;
				ARCHS = "$(ARCHS_STANDARD_INCLUDING_64_BIT)";
				CLANG_CXX_LANGUAGE_STANDARD = "gnu++0x";
				CLANG_CXX_LIBRARY = "libc++";
				CLANG_ENABLE_MODULES = YES;
				CLANG_ENABLE_OBJC_ARC = YES;
				CLANG_WARN_BOOL_CONVERSION = YES;
				CLANG_WARN_CONSTANT_CONVERSION = YES;
				CLANG_WARN_DIRECT_OBJC_ISA_USAGE = YES_ERROR;
				CLANG_WARN_EMPTY_BODY = YES;
				CLANG_WARN_ENUM_CONVERSION = YES;
				CLANG_WARN_INT_CONVERSION = YES;
				CLANG_WARN_OBJC_ROOT_CLASS = YES_ERROR;
				CLANG_WARN__DUPLICATE_METHOD_MATCH = YES;
				"CODE_SIGN_IDENTITY[sdk=iphoneos*]" = "iPhone Developer";
				COPY_PHASE_STRIP = YES;
				ENABLE_NS_ASSERTIONS = NO;
				GCC_C_LANGUAGE_STANDARD = gnu99;
				GCC_WARN_64_TO_32_BIT_CONVERSION = YES;
				GCC_WARN_ABOUT_RETURN_TYPE = YES_ERROR;
				GCC_WARN_UNDECLARED_SELECTOR = YES;
				GCC_WARN_UNINITIALIZED_AUTOS = YES;
				GCC_WARN_UNUSED_FUNCTION = YES;
				GCC_WARN_UNUSED_VARIABLE = YES;
				IPHONEOS_DEPLOYMENT_TARGET = 7.0;
				SDKROOT = iphoneos;
				VALIDATE_PRODUCT = YES;
			};
			name = Release;
		};
		3BC3A90F186281A20035C48B /* Debug */ = {
			isa = XCBuildConfiguration;
			buildSettings = {
				ASSETCATALOG_COMPILER_APPICON_NAME = AppIcon;
				ASSETCATALOG_COMPILER_LAUNCHIMAGE_NAME = LaunchImage;
				GCC_PRECOMPILE_PREFIX_HEADER = YES;
				GCC_PREFIX_HEADER = "FaceDetectorDemo/FaceDetectorDemo-Prefix.pch";
				INFOPLIST_FILE = "FaceDetectorDemo/FaceDetectorDemo-Info.plist";
				PRODUCT_NAME = "$(TARGET_NAME)";
				WRAPPER_EXTENSION = app;
			};
			name = Debug;
		};
		3BC3A910186281A20035C48B /* Release */ = {
			isa = XCBuildConfiguration;
			buildSettings = {
				ASSETCATALOG_COMPILER_APPICON_NAME = AppIcon;
				ASSETCATALOG_COMPILER_LAUNCHIMAGE_NAME = LaunchImage;
				GCC_PRECOMPILE_PREFIX_HEADER = YES;
				GCC_PREFIX_HEADER = "FaceDetectorDemo/FaceDetectorDemo-Prefix.pch";
				INFOPLIST_FILE = "FaceDetectorDemo/FaceDetectorDemo-Info.plist";
				PRODUCT_NAME = "$(TARGET_NAME)";
				WRAPPER_EXTENSION = app;
			};
			name = Release;
		};
		3BC3A912186281A20035C48B /* Debug */ = {
			isa = XCBuildConfiguration;
			buildSettings = {
				ARCHS = "$(ARCHS_STANDARD_INCLUDING_64_BIT)";
				BUNDLE_LOADER = "$(BUILT_PRODUCTS_DIR)/FaceDetectorDemo.app/FaceDetectorDemo";
				FRAMEWORK_SEARCH_PATHS = (
					"$(SDKROOT)/Developer/Library/Frameworks",
					"$(inherited)",
					"$(DEVELOPER_FRAMEWORKS_DIR)",
				);
				GCC_PRECOMPILE_PREFIX_HEADER = YES;
				GCC_PREFIX_HEADER = "FaceDetectorDemo/FaceDetectorDemo-Prefix.pch";
				GCC_PREPROCESSOR_DEFINITIONS = (
					"DEBUG=1",
					"$(inherited)",
				);
				INFOPLIST_FILE = "FaceDetectorDemoTests/FaceDetectorDemoTests-Info.plist";
				PRODUCT_NAME = "$(TARGET_NAME)";
				TEST_HOST = "$(BUNDLE_LOADER)";
				WRAPPER_EXTENSION = xctest;
			};
			name = Debug;
		};
		3BC3A913186281A20035C48B /* Release */ = {
			isa = XCBuildConfiguration;
			buildSettings = {
				ARCHS = "$(ARCHS_STANDARD_INCLUDING_64_BIT)";
				BUNDLE_LOADER = "$(BUILT_PRODUCTS_DIR)/FaceDetectorDemo.app/FaceDetectorDemo";
				FRAMEWORK_SEARCH_PATHS = (
					"$(SDKROOT)/Developer/Library/Frameworks",
					"$(inherited)",
					"$(DEVELOPER_FRAMEWORKS_DIR)",
				);
				GCC_PRECOMPILE_PREFIX_HEADER = YES;
				GCC_PREFIX_HEADER = "FaceDetectorDemo/FaceDetectorDemo-Prefix.pch";
				INFOPLIST_FILE = "FaceDetectorDemoTests/FaceDetectorDemoTests-Info.plist";
				PRODUCT_NAME = "$(TARGET_NAME)";
				TEST_HOST = "$(BUNDLE_LOADER)";
				WRAPPER_EXTENSION = xctest;
			};
			name = Release;
		};
/* End XCBuildConfiguration section */

/* Begin XCConfigurationList section */
		3BC3A8D7186281A10035C48B /* Build configuration list for PBXProject "FaceDetectorDemo" */ = {
			isa = XCConfigurationList;
			buildConfigurations = (
				3BC3A90C186281A20035C48B /* Debug */,
				3BC3A90D186281A20035C48B /* Release */,
			);
			defaultConfigurationIsVisible = 0;
			defaultConfigurationName = Release;
		};
		3BC3A90E186281A20035C48B /* Build configuration list for PBXNativeTarget "FaceDetectorDemo" */ = {
			isa = XCConfigurationList;
			buildConfigurations = (
				3BC3A90F186281A20035C48B /* Debug */,
				3BC3A910186281A20035C48B /* Release */,
			);
			defaultConfigurationIsVisible = 0;
		};
		3BC3A911186281A20035C48B /* Build configuration list for PBXNativeTarget "FaceDetectorDemoTests" */ = {
			isa = XCConfigurationList;
			buildConfigurations = (
				3BC3A912186281A20035C48B /* Debug */,
				3BC3A913186281A20035C48B /* Release */,
			);
			defaultConfigurationIsVisible = 0;
		};
/* End XCConfigurationList section */
	};
	rootObject = 3BC3A8D4186281A10035C48B /* Project object */;
}
